
Microsoft Visual Studio Solution File, Format Version 12.00
# Visual Studio Version 17
VisualStudioVersion = 17.2.32526.322
MinimumVisualStudioVersion = 10.0.40219.1
Project("{9A19103F-16F7-4668-BE54-9A1E7A4F7556}") = "Client", "Client\Client.csproj", "{B44ED30E-D5B0-4528-9F4D-FF7E4AD99615}"
EndProject
Project("{9A19103F-16F7-4668-BE54-9A1E7A4F7556}") = "ServerJWT", "JwtAuthentication\ServerJWT.csproj", "{D6AE52C3-C67E-4199-8B37-BDAC2D1984A7}"
EndProject
Global
	GlobalSection(SolutionConfigurationPlatforms) = preSolution
		Debug|Any CPU = Debug|Any CPU
		Release|Any CPU = Release|Any CPU
	EndGlobalSection
	GlobalSection(ProjectConfigurationPlatforms) = postSolution
		{B44ED30E-D5B0-4528-9F4D-FF7E4AD99615}.Debug|Any CPU.ActiveCfg = Debug|Any CPU
		{B44ED30E-D5B0-4528-9F4D-FF7E4AD99615}.Debug|Any CPU.Build.0 = Debug|Any CPU
		{B44ED30E-D5B0-4528-9F4D-FF7E4AD99615}.Release|Any CPU.ActiveCfg = Release|Any CPU
		{B44ED30E-D5B0-4528-9F4D-FF7E4AD99615}.Release|Any CPU.Build.0 = Release|Any CPU
		{D6AE52C3-C67E-4199-8B37-BDAC2D1984A7}.Debug|Any CPU.ActiveCfg = Debug|Any CPU
		{D6AE52C3-C67E-4199-8B37-BDAC2D1984A7}.Debug|Any CPU.Build.0 = Debug|Any CPU
		{D6AE52C3-C67E-4199-8B37-BDAC2D1984A7}.Release|Any CPU.ActiveCfg = Release|Any CPU
		{D6AE52C3-C67E-4199-8B37-BDAC2D1984A7}.Release|Any CPU.Build.0 = Release|Any CPU
	EndGlobalSection
	GlobalSection(SolutionProperties) = preSolution
		HideSolutionNode = FALSE
	EndGlobalSection
	GlobalSection(ExtensibilityGlobals) = postSolution
		SolutionGuid = {B8B38EA3-C4C8-486C-A8BE-92C4A023D932}
	EndGlobalSection
EndGlobal
